
Microsoft Visual Studio Solution File, Format Version 12.00
# Visual Studio Version 16
VisualStudioVersion = 16.0.31205.134
MinimumVisualStudioVersion = 10.0.40219.1
Project("{FAE04EC0-301F-11D3-BF4B-00C04F79EFBC}") = "BackEnd", "BackEnd\BackEnd.csproj", "{21F00919-846F-4321-A4DE-EAB6741C50B4}"
EndProject
Project("{FAE04EC0-301F-11D3-BF4B-00C04F79EFBC}") = "FrontEnd", "FrontEnd\FrontEnd.csproj", "{D1CE074E-8594-4D2B-9F7A-2B6C9ED2B376}"
EndProject
Global
	GlobalSection(SolutionConfigurationPlatforms) = preSolution
		Debug|Any CPU = Debug|Any CPU
		Release|Any CPU = Release|Any CPU
	EndGlobalSection
	GlobalSection(ProjectConfigurationPlatforms) = postSolution
		{21F00919-846F-4321-A4DE-EAB6741C50B4}.Debug|Any CPU.ActiveCfg = Debug|Any CPU
		{21F00919-846F-4321-A4DE-EAB6741C50B4}.Debug|Any CPU.Build.0 = Debug|Any CPU
		{21F00919-846F-4321-A4DE-EAB6741C50B4}.Release|Any CPU.ActiveCfg = Release|Any CPU
		{21F00919-846F-4321-A4DE-EAB6741C50B4}.Release|Any CPU.Build.0 = Release|Any CPU
		{D1CE074E-8594-4D2B-9F7A-2B6C9ED2B376}.Debug|Any CPU.ActiveCfg = Debug|Any CPU
		{D1CE074E-8594-4D2B-9F7A-2B6C9ED2B376}.Debug|Any CPU.Build.0 = Debug|Any CPU
		{D1CE074E-8594-4D2B-9F7A-2B6C9ED2B376}.Release|Any CPU.ActiveCfg = Release|Any CPU
		{D1CE074E-8594-4D2B-9F7A-2B6C9ED2B376}.Release|Any CPU.Build.0 = Release|Any CPU
	EndGlobalSection
	GlobalSection(SolutionProperties) = preSolution
		HideSolutionNode = FALSE
	EndGlobalSection
	GlobalSection(ExtensibilityGlobals) = postSolution
		SolutionGuid = {4580B06A-9FD9-4F3C-82A8-44DF8FC0F7CA}
	EndGlobalSection
EndGlobal
